
Microsoft Visual Studio Solution File, Format Version 12.00
# Visual Studio Version 17
VisualStudioVersion = 17.11.35208.52
MinimumVisualStudioVersion = 10.0.40219.1
Project("{FAE04EC0-301F-11D3-BF4B-00C04F79EFBC}") = "YazOkulu", "YazOkulu\YazOkulu.csproj", "{DF22C0C3-9E25-4201-AE23-D4B6E88FC8BC}"
EndProject
Project("{9A19103F-16F7-4668-BE54-9A1E7A4F7556}") = "EntityLayer", "EntityLayer\EntityLayer.csproj", "{642CA730-D9A3-4C0E-B053-65DBCA94EA13}"
EndProject
Project("{9A19103F-16F7-4668-BE54-9A1E7A4F7556}") = "DataAccessLayer", "DataAccessLayer\DataAccessLayer.csproj", "{E263C4E8-C92D-49E8-B758-7D4380DD56A3}"
EndProject
Project("{9A19103F-16F7-4668-BE54-9A1E7A4F7556}") = "BusinessLogicLayer", "BusinessLogicLayer\BusinessLogicLayer.csproj", "{2CA9F6C4-17F0-4591-99F8-BCFD466A12B1}"
EndProject
Global
	GlobalSection(SolutionConfigurationPlatforms) = preSolution
		Debug|Any CPU = Debug|Any CPU
		Release|Any CPU = Release|Any CPU
	EndGlobalSection
	GlobalSection(ProjectConfigurationPlatforms) = postSolution
		{DF22C0C3-9E25-4201-AE23-D4B6E88FC8BC}.Debug|Any CPU.ActiveCfg = Debug|Any CPU
		{DF22C0C3-9E25-4201-AE23-D4B6E88FC8BC}.Debug|Any CPU.Build.0 = Debug|Any CPU
		{DF22C0C3-9E25-4201-AE23-D4B6E88FC8BC}.Release|Any CPU.ActiveCfg = Release|Any CPU
		{DF22C0C3-9E25-4201-AE23-D4B6E88FC8BC}.Release|Any CPU.Build.0 = Release|Any CPU
		{642CA730-D9A3-4C0E-B053-65DBCA94EA13}.Debug|Any CPU.ActiveCfg = Debug|Any CPU
		{642CA730-D9A3-4C0E-B053-65DBCA94EA13}.Debug|Any CPU.Build.0 = Debug|Any CPU
		{642CA730-D9A3-4C0E-B053-65DBCA94EA13}.Release|Any CPU.ActiveCfg = Release|Any CPU
		{642CA730-D9A3-4C0E-B053-65DBCA94EA13}.Release|Any CPU.Build.0 = Release|Any CPU
		{E263C4E8-C92D-49E8-B758-7D4380DD56A3}.Debug|Any CPU.ActiveCfg = Debug|Any CPU
		{E263C4E8-C92D-49E8-B758-7D4380DD56A3}.Debug|Any CPU.Build.0 = Debug|Any CPU
		{E263C4E8-C92D-49E8-B758-7D4380DD56A3}.Release|Any CPU.ActiveCfg = Release|Any CPU
		{E263C4E8-C92D-49E8-B758-7D4380DD56A3}.Release|Any CPU.Build.0 = Release|Any CPU
		{2CA9F6C4-17F0-4591-99F8-BCFD466A12B1}.Debug|Any CPU.ActiveCfg = Debug|Any CPU
		{2CA9F6C4-17F0-4591-99F8-BCFD466A12B1}.Debug|Any CPU.Build.0 = Debug|Any CPU
		{2CA9F6C4-17F0-4591-99F8-BCFD466A12B1}.Release|Any CPU.ActiveCfg = Release|Any CPU
		{2CA9F6C4-17F0-4591-99F8-BCFD466A12B1}.Release|Any CPU.Build.0 = Release|Any CPU
	EndGlobalSection
	GlobalSection(SolutionProperties) = preSolution
		HideSolutionNode = FALSE
	EndGlobalSection
	GlobalSection(ExtensibilityGlobals) = postSolution
		SolutionGuid = {EA63B96B-DC6E-4577-A844-E93219EE9615}
	EndGlobalSection
EndGlobal
